// !$*UTF8*$!
{
	archiveVersion = 1;
	classes = {
	};
	objectVersion = 56;
	objects = {

/* Begin PBXBuildFile section */
		1F661E23FB4AC3D483963A45 /* walkingGameApp.swift in Sources */ = {isa = PBXBuildFile; fileRef = CE94D8ABAB4047CFAA9975C9 /* walkingGameApp.swift */; };
		45E0083E40042A8FF4A89B95 /* ContentView.swift in Sources */ = {isa = PBXBuildFile; fileRef = 637A1BA83E22A944A9E87E00 /* ContentView.swift */; };
		8104686D6E808CB145D0DEED /* Assets.xcassets in Resources */ = {isa = PBXBuildFile; fileRef = 159399D059ABA14C53E10222 /* Assets.xcassets */; };
		98550AA42F705BED00DAE2C9 /* MapboxMaps in Frameworks */ = {isa = PBXBuildFile; productRef = 98550AA32F705BED00DAE2C9 /* MapboxMaps */; };
		BB000001000000000000001F /* WorldRoute.swift in Sources */ = {isa = PBXBuildFile; fileRef = BB000001000000000000001E /* WorldRoute.swift */; };
		BB000001000000000000002F /* AppState.swift in Sources */ = {isa = PBXBuildFile; fileRef = BB000001000000000000002E /* AppState.swift */; };
		BB000001000000000000003F /* PedometerService.swift in Sources */ = {isa = PBXBuildFile; fileRef = BB000001000000000000003E /* PedometerService.swift */; };
		BB000001000000000000004F /* LocationService.swift in Sources */ = {isa = PBXBuildFile; fileRef = BB000001000000000000004E /* LocationService.swift */; };
		BB000001000000000000005F /* PedometerView.swift in Sources */ = {isa = PBXBuildFile; fileRef = BB000001000000000000005E /* PedometerView.swift */; };
		BB000001000000000000006F /* OceanTransitView.swift in Sources */ = {isa = PBXBuildFile; fileRef = BB000001000000000000006E /* OceanTransitView.swift */; };
		BB000001000000000000007F /* GlobeMapView.swift in Sources */ = {isa = PBXBuildFile; fileRef = BB000001000000000000007E /* GlobeMapView.swift */; };
		E0EF89F0AE76C518382BD17A /* Preview Assets.xcassets in Resources */ = {isa = PBXBuildFile; fileRef = 9821D835DB5AFD8D1475B75D /* Preview Assets.xcassets */; };
/* End PBXBuildFile section */

/* Begin PBXFileReference section */
		159399D059ABA14C53E10222 /* Assets.xcassets */ = {isa = PBXFileReference; lastKnownFileType = folder.assetcatalog; path = Assets.xcassets; sourceTree = "<group>"; };
		637A1BA83E22A944A9E87E00 /* ContentView.swift */ = {isa = PBXFileReference; lastKnownFileType = sourcecode.swift; path = ContentView.swift; sourceTree = "<group>"; };
		9821D835DB5AFD8D1475B75D /* Preview Assets.xcassets */ = {isa = PBXFileReference; lastKnownFileType = folder.assetcatalog; path = "Preview Assets.xcassets"; sourceTree = "<group>"; };
		98550A3D2F704E6300DAE2C9 /* Info.plist */ = {isa = PBXFileReference; lastKnownFileType = text.plist; path = Info.plist; sourceTree = "<group>"; };
		A2E8E63181D93171A5A8F769 /* walkingGame.app */ = {isa = PBXFileReference; explicitFileType = wrapper.application; includeInIndex = 0; path = walkingGame.app; sourceTree = BUILT_PRODUCTS_DIR; };
		BB000001000000000000001E /* WorldRoute.swift */ = {isa = PBXFileReference; lastKnownFileType = sourcecode.swift; path = WorldRoute.swift; sourceTree = "<group>"; };
		BB000001000000000000002E /* AppState.swift */ = {isa = PBXFileReference; lastKnownFileType = sourcecode.swift; path = AppState.swift; sourceTree = "<group>"; };
		BB000001000000000000003E /* PedometerService.swift */ = {isa = PBXFileReference; lastKnownFileType = sourcecode.swift; path = PedometerService.swift; sourceTree = "<group>"; };
		BB000001000000000000004E /* LocationService.swift */ = {isa = PBXFileReference; lastKnownFileType = sourcecode.swift; path = LocationService.swift; sourceTree = "<group>"; };
		BB000001000000000000005E /* PedometerView.swift */ = {isa = PBXFileReference; lastKnownFileType = sourcecode.swift; path = PedometerView.swift; sourceTree = "<group>"; };
		BB000001000000000000006E /* OceanTransitView.swift */ = {isa = PBXFileReference; lastKnownFileType = sourcecode.swift; path = OceanTransitView.swift; sourceTree = "<group>"; };
		BB000001000000000000007E /* GlobeMapView.swift */ = {isa = PBXFileReference; lastKnownFileType = sourcecode.swift; path = GlobeMapView.swift; sourceTree = "<group>"; };
		CE94D8ABAB4047CFAA9975C9 /* walkingGameApp.swift */ = {isa = PBXFileReference; lastKnownFileType = sourcecode.swift; path = walkingGameApp.swift; sourceTree = "<group>"; };
/* End PBXFileReference section */

/* Begin PBXFrameworksBuildPhase section */
		86FCC3484DA4B859A8AAE60C /* Frameworks */ = {
			isa = PBXFrameworksBuildPhase;
			buildActionMask = 2147483647;
			files = (
				98550AA42F705BED00DAE2C9 /* MapboxMaps in Frameworks */,
			);
			runOnlyForDeploymentPostprocessing = 0;
		};
/* End PBXFrameworksBuildPhase section */

/* Begin PBXGroup section */
		01DC927EC8FE777848AAB200 /* Products */ = {
			isa = PBXGroup;
			children = (
				A2E8E63181D93171A5A8F769 /* walkingGame.app */,
			);
			name = Products;
			sourceTree = "<group>";
		};
		50B3A515BA97A7D67BF477F2 /* Preview Content */ = {
			isa = PBXGroup;
			children = (
				9821D835DB5AFD8D1475B75D /* Preview Assets.xcassets */,
			);
			path = "Preview Content";
			sourceTree = "<group>";
		};
		70BD408973EC76D19C996C4A = {
			isa = PBXGroup;
			children = (
				D2C3D2573B50E347EB3C4A5D /* walkingGame */,
				01DC927EC8FE777848AAB200 /* Products */,
			);
			sourceTree = "<group>";
		};
		D2C3D2573B50E347EB3C4A5D /* walkingGame */ = {
			isa = PBXGroup;
			children = (
				98550A3D2F704E6300DAE2C9 /* Info.plist */,
				CE94D8ABAB4047CFAA9975C9 /* walkingGameApp.swift */,
				637A1BA83E22A944A9E87E00 /* ContentView.swift */,
				BB000001000000000000001E /* WorldRoute.swift */,
				BB000001000000000000002E /* AppState.swift */,
				BB000001000000000000003E /* PedometerService.swift */,
				BB000001000000000000004E /* LocationService.swift */,
				BB000001000000000000005E /* PedometerView.swift */,
				BB000001000000000000006E /* OceanTransitView.swift */,
				BB000001000000000000007E /* GlobeMapView.swift */,
				159399D059ABA14C53E10222 /* Assets.xcassets */,
				50B3A515BA97A7D67BF477F2 /* Preview Content */,
			);
			path = walkingGame;
			sourceTree = "<group>";
		};
/* End PBXGroup section */

/* Begin PBXNativeTarget section */
		D2C3D2573B50E347EB3C4A5DT /* walkingGame */ = {
			isa = PBXNativeTarget;
			buildConfigurationList = 18F5C17071984FE75BC812A5 /* Build configuration list for PBXNativeTarget "walkingGame" */;
			buildPhases = (
				9549C1DDF8B497185475CA91 /* Sources */,
				86FCC3484DA4B859A8AAE60C /* Frameworks */,
				3B397709FAB42018478802D7 /* Resources */,
			);
			buildRules = (
			);
			dependencies = (
			);
			name = walkingGame;
			productName = walkingGame;
			productReference = A2E8E63181D93171A5A8F769 /* walkingGame.app */;
			productType = "com.apple.product-type.application";
		};
/* End PBXNativeTarget section */

/* Begin PBXProject section */
		C938F49A623BC811D67CD303 /* Project object */ = {
			isa = PBXProject;
			attributes = {
				BuildIndependentTargetsInParallel = 1;
				LastSwiftUpdateCheck = 1540;
				LastUpgradeCheck = 1540;
				TargetAttributes = {
					D2C3D2573B50E347EB3C4A5DT = {
						CreatedOnToolsVersion = 15.4;
					};
				};
			};
			buildConfigurationList = 01DC927EC8FE777848AAB2002 /* Build configuration list for PBXProject "walkingGame" */;
			compatibilityVersion = "Xcode 14.0";
			developmentRegion = en;
			hasScannedForEncodings = 0;
			knownRegions = (
				en,
				Base,
			);
			mainGroup = 70BD408973EC76D19C996C4A;
			packageReferences = (
				98550AA22F705BED00DAE2C9 /* XCRemoteSwiftPackageReference "mapbox-maps-ios" */,
			);
			productRefGroup = 01DC927EC8FE777848AAB200 /* Products */;
			projectDirPath = "";
			projectRoot = "";
			targets = (
				D2C3D2573B50E347EB3C4A5DT /* walkingGame */,
			);
		};
/* End PBXProject section */

/* Begin PBXResourcesBuildPhase section */
		3B397709FAB42018478802D7 /* Resources */ = {
			isa = PBXResourcesBuildPhase;
			buildActionMask = 2147483647;
			files = (
				E0EF89F0AE76C518382BD17A /* Preview Assets.xcassets in Resources */,
				8104686D6E808CB145D0DEED /* Assets.xcassets in Resources */,
			);
			runOnlyForDeploymentPostprocessing = 0;
		};
/* End PBXResourcesBuildPhase section */


/* Begin PBXSourcesBuildPhase section */
		9549C1DDF8B497185475CA91 /* Sources */ = {
			isa = PBXSourcesBuildPhase;
			buildActionMask = 2147483647;
			files = (
				45E0083E40042A8FF4A89B95 /* ContentView.swift in Sources */,
				1F661E23FB4AC3D483963A45 /* walkingGameApp.swift in Sources */,
				BB000001000000000000001F /* WorldRoute.swift in Sources */,
				BB000001000000000000002F /* AppState.swift in Sources */,
				BB000001000000000000003F /* PedometerService.swift in Sources */,
				BB000001000000000000004F /* LocationService.swift in Sources */,
				BB000001000000000000005F /* PedometerView.swift in Sources */,
				BB000001000000000000006F /* OceanTransitView.swift in Sources */,
				BB000001000000000000007F /* GlobeMapView.swift in Sources */,
			);
			runOnlyForDeploymentPostprocessing = 0;
		};
/* End PBXSourcesBuildPhase section */

/* Begin XCBuildConfiguration section */
		4518CB87E30FB3BF9A79E340 /* Release */ = {
			isa = XCBuildConfiguration;
			buildSettings = {
				ALWAYS_SEARCH_USER_PATHS = NO;
				ASSETCATALOG_COMPILER_GENERATE_SWIFT_ASSET_SYMBOL_EXTENSIONS = YES;
				CLANG_ANALYZER_NONNULL = YES;
				CLANG_ANALYZER_NUMBER_OBJECT_CONVERSION = YES_AGGRESSIVE;
				CLANG_CXX_LANGUAGE_STANDARD = "gnu++20";
				CLANG_ENABLE_MODULES = YES;
				CLANG_ENABLE_OBJC_ARC = YES;
				CLANG_ENABLE_OBJC_WEAK = YES;
				CLANG_WARN_BLOCK_CAPTURE_AUTORELEASING = YES;
				CLANG_WARN_BOOL_CONVERSION = YES;
				CLANG_WARN_COMMA = YES;
				CLANG_WARN_CONSTANT_CONVERSION = YES;
				CLANG_WARN_DEPRECATED_OBJC_IMPLEMENTATIONS = YES;
				CLANG_WARN_DIRECT_OBJC_ISA_USAGE = YES_ERROR;
				CLANG_WARN_DOCUMENTATION_COMMENTS = YES;
				CLANG_WARN_EMPTY_BODY = YES;
				CLANG_WARN_ENUM_CONVERSION = YES;
				CLANG_WARN_INFINITE_LOOPS = YES;
				CLANG_WARN_INT_CONVERSION = YES;
				CLANG_WARN_NON_LITERAL_NULL_CONVERSION = YES;
				CLANG_WARN_OBJC_IMPLICIT_RETAIN_SELF = YES;
				CLANG_WARN_OBJC_LITERAL_CONVERSION = YES;
				CLANG_WARN_OBJC_ROOT_CLASS = YES_ERROR;
				CLANG_WARN_QUOTED_INCLUDE_IN_FRAMEWORK_HEADER = YES;
				CLANG_WARN_RANGE_LOOP_ANALYSIS = YES;
				CLANG_WARN_STRICT_PROTOTYPES = YES;
				CLANG_WARN_SUSPICIOUS_MOVE = YES;
				CLANG_WARN_UNGUARDED_AVAILABILITY = YES_AGGRESSIVE;
				CLANG_WARN_UNREACHABLE_CODE = YES;
				CLANG_WARN__DUPLICATE_METHOD_MATCH = YES;
				COPY_PHASE_STRIP = NO;
				DEBUG_INFORMATION_FORMAT = "dwarf-with-dsym";
				ENABLE_NS_ASSERTIONS = NO;
				ENABLE_STRICT_OBJC_MSGSEND = YES;
				ENABLE_USER_SCRIPT_SANDBOXING = YES;
				GCC_C_LANGUAGE_STANDARD = gnu17;
				GCC_NO_COMMON_BLOCKS = YES;
				GCC_WARN_64_TO_32_BIT_CONVERSION = YES;
				GCC_WARN_ABOUT_RETURN_TYPE = YES_ERROR;
				GCC_WARN_UNDECLARED_SELECTOR = YES;
				GCC_WARN_UNINITIALIZED_AUTOS = YES_AGGRESSIVE;
				GCC_WARN_UNUSED_FUNCTION = YES;
				GCC_WARN_UNUSED_VARIABLE = YES;
				IPHONEOS_DEPLOYMENT_TARGET = 17.0;
				MTL_FAST_MATH = YES;
				SDKROOT = iphoneos;
				SWIFT_COMPILATION_MODE = wholemodule;
				VALIDATE_PRODUCT = YES;
			};
			name = Release;
		};
		50B3A515BA97A7D67BF477F22 /* Debug */ = {
			isa = XCBuildConfiguration;
			buildSettings = {
				ASSETCATALOG_COMPILER_APPICON_NAME = AppIcon;
				ASSETCATALOG_COMPILER_GLOBAL_ACCENT_COLOR_NAME = AccentColor;
				CODE_SIGN_STYLE = Automatic;
				CURRENT_PROJECT_VERSION = 1;
				DEVELOPMENT_ASSET_PATHS = "\"walkingGame/Preview Content\"";
				DEVELOPMENT_TEAM = 2XR666D9B2;
				ENABLE_PREVIEWS = YES;
				GENERATE_INFOPLIST_FILE = YES;
				INFOPLIST_FILE = walkingGame/Info.plist;
				INFOPLIST_KEY_NSLocationWhenInUseUsageDescription = "Utilisé pour définir votre point de départ sur le globe.";
				INFOPLIST_KEY_NSMotionUsageDescription = "Utilisé pour compter vos pas en temps réel.";
				INFOPLIST_KEY_UIApplicationSceneManifest_Generation = YES;
				INFOPLIST_KEY_UIApplicationSupportsIndirectInputEvents = YES;
				INFOPLIST_KEY_UILaunchScreen_Generation = YES;
				INFOPLIST_KEY_UISupportedInterfaceOrientations_iPad = "UIInterfaceOrientationLandscapeLeft UIInterfaceOrientationLandscapeRight UIInterfaceOrientationPortrait UIInterfaceOrientationPortraitUpsideDown";
				INFOPLIST_KEY_UISupportedInterfaceOrientations_iPhone = "UIInterfaceOrientationLandscapeLeft UIInterfaceOrientationLandscapeRight UIInterfaceOrientationPortrait";
				LD_RUNPATH_SEARCH_PATHS = (
					"$(inherited)",
					"@executable_path/Frameworks",
				);
				MARKETING_VERSION = 1.0;
				PRODUCT_BUNDLE_IDENTIFIER = com.walkinggame;
				PRODUCT_NAME = "$(TARGET_NAME)";
				SWIFT_EMIT_LOC_STRINGS = YES;
				SWIFT_VERSION = 5.0;
				TARGETED_DEVICE_FAMILY = "1,2";
			};
			name = Debug;
		};
		D99650DCD521E56939CBCB0D /* Debug */ = {
			isa = XCBuildConfiguration;
			buildSettings = {
				ALWAYS_SEARCH_USER_PATHS = NO;
				ASSETCATALOG_COMPILER_GENERATE_SWIFT_ASSET_SYMBOL_EXTENSIONS = YES;
				CLANG_ANALYZER_NONNULL = YES;
				CLANG_ANALYZER_NUMBER_OBJECT_CONVERSION = YES_AGGRESSIVE;
				CLANG_CXX_LANGUAGE_STANDARD = "gnu++20";
				CLANG_ENABLE_MODULES = YES;
				CLANG_ENABLE_OBJC_ARC = YES;
				CLANG_ENABLE_OBJC_WEAK = YES;
				CLANG_WARN_BLOCK_CAPTURE_AUTORELEASING = YES;
				CLANG_WARN_BOOL_CONVERSION = YES;
				CLANG_WARN_COMMA = YES;
				CLANG_WARN_CONSTANT_CONVERSION = YES;
				CLANG_WARN_DEPRECATED_OBJC_IMPLEMENTATIONS = YES;
				CLANG_WARN_DIRECT_OBJC_ISA_USAGE = YES_ERROR;
				CLANG_WARN_DOCUMENTATION_COMMENTS = YES;
				CLANG_WARN_EMPTY_BODY = YES;
				CLANG_WARN_ENUM_CONVERSION = YES;
				CLANG_WARN_INFINITE_LOOPS = YES;
				CLANG_WARN_INT_CONVERSION = YES;
				CLANG_WARN_NON_LITERAL_NULL_CONVERSION = YES;
				CLANG_WARN_OBJC_IMPLICIT_RETAIN_SELF = YES;
				CLANG_WARN_OBJC_LITERAL_CONVERSION = YES;
				CLANG_WARN_OBJC_ROOT_CLASS = YES_ERROR;
				CLANG_WARN_QUOTED_INCLUDE_IN_FRAMEWORK_HEADER = YES;
				CLANG_WARN_RANGE_LOOP_ANALYSIS = YES;
				CLANG_WARN_STRICT_PROTOTYPES = YES;
				CLANG_WARN_SUSPICIOUS_MOVE = YES;
				CLANG_WARN_UNGUARDED_AVAILABILITY = YES_AGGRESSIVE;
				CLANG_WARN_UNREACHABLE_CODE = YES;
				CLANG_WARN__DUPLICATE_METHOD_MATCH = YES;
				COPY_PHASE_STRIP = NO;
				DEBUG_INFORMATION_FORMAT = dwarf;
				ENABLE_STRICT_OBJC_MSGSEND = YES;
				ENABLE_TESTABILITY = YES;
				ENABLE_USER_SCRIPT_SANDBOXING = YES;
				GCC_C_LANGUAGE_STANDARD = gnu17;
				GCC_DYNAMIC_NO_PIC = NO;
				GCC_NO_COMMON_BLOCKS = YES;
				GCC_OPTIMIZATION_LEVEL = 0;
				GCC_PREPROCESSOR_DEFINITIONS = (
					"DEBUG=1",
					"$(inherited)",
				);
				GCC_WARN_64_TO_32_BIT_CONVERSION = YES;
				GCC_WARN_ABOUT_RETURN_TYPE = YES_ERROR;
				GCC_WARN_UNDECLARED_SELECTOR = YES;
				GCC_WARN_UNINITIALIZED_AUTOS = YES_AGGRESSIVE;
				GCC_WARN_UNUSED_FUNCTION = YES;
				GCC_WARN_UNUSED_VARIABLE = YES;
				IPHONEOS_DEPLOYMENT_TARGET = 17.0;
				MTL_ENABLE_DEBUG_INFO = INCLUDE_SOURCE;
				MTL_FAST_MATH = YES;
				ONLY_ACTIVE_ARCH = YES;
				SDKROOT = iphoneos;
				SWIFT_ACTIVE_COMPILATION_CONDITIONS = "DEBUG $(inherited)";
				SWIFT_OPTIMIZATION_LEVEL = "-Onone";
			};
			name = Debug;
		};
		EAD24F610799E237C3A8FBCF /* Release */ = {
			isa = XCBuildConfiguration;
			buildSettings = {
				ASSETCATALOG_COMPILER_APPICON_NAME = AppIcon;
				ASSETCATALOG_COMPILER_GLOBAL_ACCENT_COLOR_NAME = AccentColor;
				CODE_SIGN_STYLE = Automatic;
				CURRENT_PROJECT_VERSION = 1;
				DEVELOPMENT_ASSET_PATHS = "\"walkingGame/Preview Content\"";
				DEVELOPMENT_TEAM = 2XR666D9B2;
				ENABLE_PREVIEWS = YES;
				GENERATE_INFOPLIST_FILE = YES;
				INFOPLIST_FILE = walkingGame/Info.plist;
				INFOPLIST_KEY_NSLocationWhenInUseUsageDescription = "Utilisé pour définir votre point de départ sur le globe.";
				INFOPLIST_KEY_NSMotionUsageDescription = "Utilisé pour compter vos pas en temps réel.";
				INFOPLIST_KEY_UIApplicationSceneManifest_Generation = YES;
				INFOPLIST_KEY_UIApplicationSupportsIndirectInputEvents = YES;
				INFOPLIST_KEY_UILaunchScreen_Generation = YES;
				INFOPLIST_KEY_UISupportedInterfaceOrientations_iPad = "UIInterfaceOrientationLandscapeLeft UIInterfaceOrientationLandscapeRight UIInterfaceOrientationPortrait UIInterfaceOrientationPortraitUpsideDown";
				INFOPLIST_KEY_UISupportedInterfaceOrientations_iPhone = "UIInterfaceOrientationLandscapeLeft UIInterfaceOrientationLandscapeRight UIInterfaceOrientationPortrait";
				LD_RUNPATH_SEARCH_PATHS = (
					"$(inherited)",
					"@executable_path/Frameworks",
				);
				MARKETING_VERSION = 1.0;
				PRODUCT_BUNDLE_IDENTIFIER = com.walkinggame;
				PRODUCT_NAME = "$(TARGET_NAME)";
				SWIFT_EMIT_LOC_STRINGS = YES;
				SWIFT_VERSION = 5.0;
				TARGETED_DEVICE_FAMILY = "1,2";
			};
			name = Release;
		};
/* End XCBuildConfiguration section */

/* Begin XCConfigurationList section */
		01DC927EC8FE777848AAB2002 /* Build configuration list for PBXProject "walkingGame" */ = {
			isa = XCConfigurationList;
			buildConfigurations = (
				D99650DCD521E56939CBCB0D /* Debug */,
				4518CB87E30FB3BF9A79E340 /* Release */,
			);
			defaultConfigurationIsVisible = 0;
			defaultConfigurationName = Release;
		};
		18F5C17071984FE75BC812A5 /* Build configuration list for PBXNativeTarget "walkingGame" */ = {
			isa = XCConfigurationList;
			buildConfigurations = (
				50B3A515BA97A7D67BF477F22 /* Debug */,
				EAD24F610799E237C3A8FBCF /* Release */,
			);
			defaultConfigurationIsVisible = 0;
			defaultConfigurationName = Release;
		};
/* End XCConfigurationList section */

/* Begin XCRemoteSwiftPackageReference section */
		98550AA22F705BED00DAE2C9 /* XCRemoteSwiftPackageReference "mapbox-maps-ios" */ = {
			isa = XCRemoteSwiftPackageReference;
			repositoryURL = "https://github.com/mapbox/mapbox-maps-ios.git";
			requirement = {
				kind = upToNextMajorVersion;
				minimumVersion = 11.0.0;
			};
		};
/* End XCRemoteSwiftPackageReference section */

/* Begin XCSwiftPackageProductDependency section */
		98550AA32F705BED00DAE2C9 /* MapboxMaps */ = {
			isa = XCSwiftPackageProductDependency;
			package = 98550AA22F705BED00DAE2C9 /* XCRemoteSwiftPackageReference "mapbox-maps-ios" */;
			productName = MapboxMaps;
		};
/* End XCSwiftPackageProductDependency section */
	};
	rootObject = C938F49A623BC811D67CD303 /* Project object */;
}
